
Microsoft Visual Studio Solution File, Format Version 12.00
# Visual Studio Version 17
VisualStudioVersion = 17.0.32126.317
MinimumVisualStudioVersion = 10.0.40219.1
Project("{FAE04EC0-301F-11D3-BF4B-00C04F79EFBC}") = "AbstractDemo", "AbstractDemo.csproj", "{6B5962F3-4B52-452E-8265-9FEA56648336}"
EndProject
Global
	GlobalSection(SolutionConfigurationPlatforms) = preSolution
		Debug|Any CPU = Debug|Any CPU
		Release|Any CPU = Release|Any CPU
	EndGlobalSection
	GlobalSection(ProjectConfigurationPlatforms) = postSolution
		{6B5962F3-4B52-452E-8265-9FEA56648336}.Debug|Any CPU.ActiveCfg = Debug|Any CPU
		{6B5962F3-4B52-452E-8265-9FEA56648336}.Debug|Any CPU.Build.0 = Debug|Any CPU
		{6B5962F3-4B52-452E-8265-9FEA56648336}.Release|Any CPU.ActiveCfg = Release|Any CPU
		{6B5962F3-4B52-452E-8265-9FEA56648336}.Release|Any CPU.Build.0 = Release|Any CPU
	EndGlobalSection
	GlobalSection(SolutionProperties) = preSolution
		HideSolutionNode = FALSE
	EndGlobalSection
	GlobalSection(ExtensibilityGlobals) = postSolution
		SolutionGuid = {6F51C59D-F5D1-43C8-948F-1778ADEFB0BF}
	EndGlobalSection
EndGlobal
